
Microsoft Visual Studio Solution File, Format Version 12.00
# Visual Studio 15
VisualStudioVersion = 15.0.28307.1169
MinimumVisualStudioVersion = 10.0.40219.1
Project("{FAE04EC0-301F-11D3-BF4B-00C04F79EFBC}") = "MvcCrud1", "MvcCrud1\MvcCrud1.csproj", "{1A6B5ED2-3122-45A2-81DF-0E796029180A}"
EndProject
Global
	GlobalSection(SolutionConfigurationPlatforms) = preSolution
		Debug|Any CPU = Debug|Any CPU
		Release|Any CPU = Release|Any CPU
	EndGlobalSection
	GlobalSection(ProjectConfigurationPlatforms) = postSolution
		{1A6B5ED2-3122-45A2-81DF-0E796029180A}.Debug|Any CPU.ActiveCfg = Debug|Any CPU
		{1A6B5ED2-3122-45A2-81DF-0E796029180A}.Debug|Any CPU.Build.0 = Debug|Any CPU
		{1A6B5ED2-3122-45A2-81DF-0E796029180A}.Release|Any CPU.ActiveCfg = Release|Any CPU
		{1A6B5ED2-3122-45A2-81DF-0E796029180A}.Release|Any CPU.Build.0 = Release|Any CPU
	EndGlobalSection
	GlobalSection(SolutionProperties) = preSolution
		HideSolutionNode = FALSE
	EndGlobalSection
	GlobalSection(ExtensibilityGlobals) = postSolution
		SolutionGuid = {6E21357D-3FD0-45AF-B809-6872ED534F9F}
	EndGlobalSection
EndGlobal
